
Microsoft Visual Studio Solution File, Format Version 12.00
# Visual Studio 15
Project("{FAE04EC0-301F-11D3-BF4B-00C04F79EFBC}") = "Tablas1", "Tablas1\Tablas1.csproj", "{0E7BF4D3-E0A2-40A9-9E02-2B74A15B0738}"
EndProject
Global
	GlobalSection(SolutionConfigurationPlatforms) = preSolution
		Debug|Any CPU = Debug|Any CPU
		Release|Any CPU = Release|Any CPU
	EndGlobalSection
	GlobalSection(ProjectConfigurationPlatforms) = postSolution
		{0E7BF4D3-E0A2-40A9-9E02-2B74A15B0738}.Debug|Any CPU.ActiveCfg = Debug|Any CPU
		{0E7BF4D3-E0A2-40A9-9E02-2B74A15B0738}.Debug|Any CPU.Build.0 = Debug|Any CPU
		{0E7BF4D3-E0A2-40A9-9E02-2B74A15B0738}.Release|Any CPU.ActiveCfg = Release|Any CPU
		{0E7BF4D3-E0A2-40A9-9E02-2B74A15B0738}.Release|Any CPU.Build.0 = Release|Any CPU
	EndGlobalSection
EndGlobal
